
Microsoft Visual Studio Solution File, Format Version 12.00
# Visual Studio Version 17
VisualStudioVersion = 17.6.33723.286
MinimumVisualStudioVersion = 10.0.40219.1
Project("{FAE04EC0-301F-11D3-BF4B-00C04F79EFBC}") = "HippieDog_BanhoTosa", "HippieDog_BanhoTosa\HippieDog_BanhoTosa.csproj", "{B7146F95-EC84-40BC-8213-DA93B7E24D7F}"
EndProject
Project("{FAE04EC0-301F-11D3-BF4B-00C04F79EFBC}") = "ENTIDADES", "ENTIDADES\ENTIDADES.csproj", "{F7B19D4F-CCA2-49A0-A6F2-961903BDDC37}"
EndProject
Project("{FAE04EC0-301F-11D3-BF4B-00C04F79EFBC}") = "DADOS", "DADOS\DADOS.csproj", "{B0C3F9CA-30A0-468F-BA44-189C0F047032}"
EndProject
Project("{FAE04EC0-301F-11D3-BF4B-00C04F79EFBC}") = "NEGOCIOS", "NEGOCIOS\NEGOCIOS.csproj", "{D2875C53-3E0A-4173-9E99-430F8D2A6FDF}"
EndProject
Global
	GlobalSection(SolutionConfigurationPlatforms) = preSolution
		Debug|Any CPU = Debug|Any CPU
		Release|Any CPU = Release|Any CPU
	EndGlobalSection
	GlobalSection(ProjectConfigurationPlatforms) = postSolution
		{B7146F95-EC84-40BC-8213-DA93B7E24D7F}.Debug|Any CPU.ActiveCfg = Debug|Any CPU
		{B7146F95-EC84-40BC-8213-DA93B7E24D7F}.Debug|Any CPU.Build.0 = Debug|Any CPU
		{B7146F95-EC84-40BC-8213-DA93B7E24D7F}.Release|Any CPU.ActiveCfg = Release|Any CPU
		{B7146F95-EC84-40BC-8213-DA93B7E24D7F}.Release|Any CPU.Build.0 = Release|Any CPU
		{F7B19D4F-CCA2-49A0-A6F2-961903BDDC37}.Debug|Any CPU.ActiveCfg = Debug|Any CPU
		{F7B19D4F-CCA2-49A0-A6F2-961903BDDC37}.Debug|Any CPU.Build.0 = Debug|Any CPU
		{F7B19D4F-CCA2-49A0-A6F2-961903BDDC37}.Release|Any CPU.ActiveCfg = Release|Any CPU
		{F7B19D4F-CCA2-49A0-A6F2-961903BDDC37}.Release|Any CPU.Build.0 = Release|Any CPU
		{B0C3F9CA-30A0-468F-BA44-189C0F047032}.Debug|Any CPU.ActiveCfg = Debug|Any CPU
		{B0C3F9CA-30A0-468F-BA44-189C0F047032}.Debug|Any CPU.Build.0 = Debug|Any CPU
		{B0C3F9CA-30A0-468F-BA44-189C0F047032}.Release|Any CPU.ActiveCfg = Release|Any CPU
		{B0C3F9CA-30A0-468F-BA44-189C0F047032}.Release|Any CPU.Build.0 = Release|Any CPU
		{D2875C53-3E0A-4173-9E99-430F8D2A6FDF}.Debug|Any CPU.ActiveCfg = Debug|Any CPU
		{D2875C53-3E0A-4173-9E99-430F8D2A6FDF}.Debug|Any CPU.Build.0 = Debug|Any CPU
		{D2875C53-3E0A-4173-9E99-430F8D2A6FDF}.Release|Any CPU.ActiveCfg = Release|Any CPU
		{D2875C53-3E0A-4173-9E99-430F8D2A6FDF}.Release|Any CPU.Build.0 = Release|Any CPU
	EndGlobalSection
	GlobalSection(SolutionProperties) = preSolution
		HideSolutionNode = FALSE
	EndGlobalSection
	GlobalSection(ExtensibilityGlobals) = postSolution
		SolutionGuid = {2FDA6848-EEE6-4516-9074-A2DE1970535C}
	EndGlobalSection
EndGlobal
